// !$*UTF8*$!
{
	archiveVersion = 1;
	classes = {
	};
	objectVersion = 46;
	objects = {

/* Begin PBXGroup section */
		DBCC2A0C1FAF32B300ADFD4D = {
			isa = PBXGroup;
			children = (
			);
			sourceTree = "<group>";
		};
/* End PBXGroup section */

/* Begin PBXProject section */
		DBCC2A0D1FAF32B300ADFD4D /* Project object */ = {
			isa = PBXProject;
			attributes = {
				LastUpgradeCheck = 0830;
			};
			buildConfigurationList = DBCC2A101FAF32B300ADFD4D /* Build configuration list for PBXProject "WS" */;
			compatibilityVersion = "Xcode 3.2";
			developmentRegion = English;
			hasScannedForEncodings = 0;
			knownRegions = (
				en,
			);
			mainGroup = DBCC2A0C1FAF32B300ADFD4D;
			projectDirPath = "";
			projectRoot = "";
			targets = (
			);
		};
/* End PBXProject section */

/* Begin XCBuildConfiguration section */
		DBCC2A111FAF32B300ADFD4D /* Debug */ = {
			isa = XCBuildConfiguration;
			buildSettings = {
			};
			name = Debug;
		};
		DBCC2A121FAF32B300ADFD4D /* Release */ = {
			isa = XCBuildConfiguration;
			buildSettings = {
			};
			name = Release;
		};
/* End XCBuildConfiguration section */

/* Begin XCConfigurationList section */
		DBCC2A101FAF32B300ADFD4D /* Build configuration list for PBXProject "WS" */ = {
			isa = XCConfigurationList;
			buildConfigurations = (
				DBCC2A111FAF32B300ADFD4D /* Debug */,
				DBCC2A121FAF32B300ADFD4D /* Release */,
			);
			defaultConfigurationIsVisible = 0;
			defaultConfigurationName = Release;
		};
/* End XCConfigurationList section */
	};
	rootObject = DBCC2A0D1FAF32B300ADFD4D /* Project object */;
}
